
Microsoft Visual Studio Solution File, Format Version 12.00
# Visual Studio Version 16
VisualStudioVersion = 16.0.31729.503
MinimumVisualStudioVersion = 10.0.40219.1
Project("{9A19103F-16F7-4668-BE54-9A1E7A4F7556}") = "AdminServices", "AdminServices\AdminServices.csproj", "{1D73780A-C6ED-431E-A36E-BEB91C8AFE57}"
EndProject
Project("{9A19103F-16F7-4668-BE54-9A1E7A4F7556}") = "UserServices", "UserServices\UserServices.csproj", "{33161E40-4F44-4DCF-B9DE-41BB1D3E9E9C}"
EndProject
Project("{9A19103F-16F7-4668-BE54-9A1E7A4F7556}") = "APIGateway", "APIGateway\APIGateway.csproj", "{E5DC793E-CBA6-49EF-81B8-37E7AB45D8E1}"
EndProject
Project("{FAE04EC0-301F-11D3-BF4B-00C04F79EFBC}") = "BookingServices", "BookingServices\BookingServices.csproj", "{5D24322F-A1D5-46B0-986F-129BB9B10716}"
EndProject
Global
	GlobalSection(SolutionConfigurationPlatforms) = preSolution
		Debug|Any CPU = Debug|Any CPU
		Release|Any CPU = Release|Any CPU
	EndGlobalSection
	GlobalSection(ProjectConfigurationPlatforms) = postSolution
		{1D73780A-C6ED-431E-A36E-BEB91C8AFE57}.Debug|Any CPU.ActiveCfg = Debug|Any CPU
		{1D73780A-C6ED-431E-A36E-BEB91C8AFE57}.Debug|Any CPU.Build.0 = Debug|Any CPU
		{1D73780A-C6ED-431E-A36E-BEB91C8AFE57}.Release|Any CPU.ActiveCfg = Release|Any CPU
		{1D73780A-C6ED-431E-A36E-BEB91C8AFE57}.Release|Any CPU.Build.0 = Release|Any CPU
		{33161E40-4F44-4DCF-B9DE-41BB1D3E9E9C}.Debug|Any CPU.ActiveCfg = Debug|Any CPU
		{33161E40-4F44-4DCF-B9DE-41BB1D3E9E9C}.Debug|Any CPU.Build.0 = Debug|Any CPU
		{33161E40-4F44-4DCF-B9DE-41BB1D3E9E9C}.Release|Any CPU.ActiveCfg = Release|Any CPU
		{33161E40-4F44-4DCF-B9DE-41BB1D3E9E9C}.Release|Any CPU.Build.0 = Release|Any CPU
		{E5DC793E-CBA6-49EF-81B8-37E7AB45D8E1}.Debug|Any CPU.ActiveCfg = Debug|Any CPU
		{E5DC793E-CBA6-49EF-81B8-37E7AB45D8E1}.Debug|Any CPU.Build.0 = Debug|Any CPU
		{E5DC793E-CBA6-49EF-81B8-37E7AB45D8E1}.Release|Any CPU.ActiveCfg = Release|Any CPU
		{E5DC793E-CBA6-49EF-81B8-37E7AB45D8E1}.Release|Any CPU.Build.0 = Release|Any CPU
		{5D24322F-A1D5-46B0-986F-129BB9B10716}.Debug|Any CPU.ActiveCfg = Debug|Any CPU
		{5D24322F-A1D5-46B0-986F-129BB9B10716}.Debug|Any CPU.Build.0 = Debug|Any CPU
		{5D24322F-A1D5-46B0-986F-129BB9B10716}.Release|Any CPU.ActiveCfg = Release|Any CPU
		{5D24322F-A1D5-46B0-986F-129BB9B10716}.Release|Any CPU.Build.0 = Release|Any CPU
	EndGlobalSection
	GlobalSection(SolutionProperties) = preSolution
		HideSolutionNode = FALSE
	EndGlobalSection
	GlobalSection(ExtensibilityGlobals) = postSolution
		SolutionGuid = {730DB249-2853-478F-B2DE-12A78F2554F1}
	EndGlobalSection
EndGlobal
